
Microsoft Visual Studio Solution File, Format Version 12.00
# Visual Studio 15
VisualStudioVersion = 15.0.28307.168
MinimumVisualStudioVersion = 10.0.40219.1
Project("{2150E333-8FDC-42A3-9474-1A3956D46DE8}") = "src", "src", "{5061AAB9-F206-41FC-9D3F-66F50BF80538}"
EndProject
Project("{2150E333-8FDC-42A3-9474-1A3956D46DE8}") = "tests", "tests", "{339DAD54-B155-46BC-BF19-FE5A9EDF5795}"
EndProject
Project("{9A19103F-16F7-4668-BE54-9A1E7A4F7556}") = "Project.Tests", "Project.Tests\Project.Tests.csproj", "{6EE24FD2-6FC6-4D3C-94B9-5D3BFB18168A}"
EndProject
Project("{2150E333-8FDC-42A3-9474-1A3956D46DE8}") = "1. WebApi", "1. WebApi", "{97AE1548-D4B3-4B2D-9186-A5A588D2C322}"
EndProject
Project("{2150E333-8FDC-42A3-9474-1A3956D46DE8}") = "3. IoC", "3. IoC", "{5E55FDB5-57FD-432D-8DBF-63646FF5D7D7}"
EndProject
Project("{2150E333-8FDC-42A3-9474-1A3956D46DE8}") = "4. Infra", "4. Infra", "{278EA6A0-4194-4A8A-BB02-37425F87A2FB}"
EndProject
Project("{2150E333-8FDC-42A3-9474-1A3956D46DE8}") = "5. Domain", "5. Domain", "{704FB453-48E7-4E45-86C1-6256A3E31857}"
EndProject
Project("{9A19103F-16F7-4668-BE54-9A1E7A4F7556}") = "Project.Domain", "Project.Domain\Project.Domain.csproj", "{0A76943C-3F35-4244-92F9-2C3266CF6A9C}"
EndProject
Project("{9A19103F-16F7-4668-BE54-9A1E7A4F7556}") = "Project.Repository", "Project.Repository\Project.Repository.csproj", "{18B6455E-4E1D-4C25-872B-FAA24B5B1950}"
EndProject
Project("{2150E333-8FDC-42A3-9474-1A3956D46DE8}") = "2. Utils", "2. Utils", "{DDCE597E-748C-4ACF-AA2E-DD6FA64FC469}"
EndProject
Project("{9A19103F-16F7-4668-BE54-9A1E7A4F7556}") = "Project.IoC", "Project.IoC\Project.IoC.csproj", "{999E86E8-ED0A-4170-9DDA-C2422D15DCD3}"
EndProject
Project("{9A19103F-16F7-4668-BE54-9A1E7A4F7556}") = "Project.WebApi", "Project.WebApi\Project.WebApi.csproj", "{4CFD324A-951A-4468-AB8E-91A00A42EE20}"
EndProject
Project("{FAE04EC0-301F-11D3-BF4B-00C04F79EFBC}") = "Project.RestfulConnector", "Project.RestfulConnector\Project.RestfulConnector.csproj", "{5B703162-6988-4E3B-BF78-FBFCC2D38938}"
EndProject
Global
	GlobalSection(SolutionConfigurationPlatforms) = preSolution
		Debug|Any CPU = Debug|Any CPU
		Release|Any CPU = Release|Any CPU
	EndGlobalSection
	GlobalSection(ProjectConfigurationPlatforms) = postSolution
		{6EE24FD2-6FC6-4D3C-94B9-5D3BFB18168A}.Debug|Any CPU.ActiveCfg = Debug|Any CPU
		{6EE24FD2-6FC6-4D3C-94B9-5D3BFB18168A}.Debug|Any CPU.Build.0 = Debug|Any CPU
		{6EE24FD2-6FC6-4D3C-94B9-5D3BFB18168A}.Release|Any CPU.ActiveCfg = Release|Any CPU
		{6EE24FD2-6FC6-4D3C-94B9-5D3BFB18168A}.Release|Any CPU.Build.0 = Release|Any CPU
		{0A76943C-3F35-4244-92F9-2C3266CF6A9C}.Debug|Any CPU.ActiveCfg = Debug|Any CPU
		{0A76943C-3F35-4244-92F9-2C3266CF6A9C}.Debug|Any CPU.Build.0 = Debug|Any CPU
		{0A76943C-3F35-4244-92F9-2C3266CF6A9C}.Release|Any CPU.ActiveCfg = Release|Any CPU
		{0A76943C-3F35-4244-92F9-2C3266CF6A9C}.Release|Any CPU.Build.0 = Release|Any CPU
		{18B6455E-4E1D-4C25-872B-FAA24B5B1950}.Debug|Any CPU.ActiveCfg = Debug|Any CPU
		{18B6455E-4E1D-4C25-872B-FAA24B5B1950}.Debug|Any CPU.Build.0 = Debug|Any CPU
		{18B6455E-4E1D-4C25-872B-FAA24B5B1950}.Release|Any CPU.ActiveCfg = Release|Any CPU
		{18B6455E-4E1D-4C25-872B-FAA24B5B1950}.Release|Any CPU.Build.0 = Release|Any CPU
		{999E86E8-ED0A-4170-9DDA-C2422D15DCD3}.Debug|Any CPU.ActiveCfg = Debug|Any CPU
		{999E86E8-ED0A-4170-9DDA-C2422D15DCD3}.Debug|Any CPU.Build.0 = Debug|Any CPU
		{999E86E8-ED0A-4170-9DDA-C2422D15DCD3}.Release|Any CPU.ActiveCfg = Release|Any CPU
		{999E86E8-ED0A-4170-9DDA-C2422D15DCD3}.Release|Any CPU.Build.0 = Release|Any CPU
		{4CFD324A-951A-4468-AB8E-91A00A42EE20}.Debug|Any CPU.ActiveCfg = Debug|Any CPU
		{4CFD324A-951A-4468-AB8E-91A00A42EE20}.Debug|Any CPU.Build.0 = Debug|Any CPU
		{4CFD324A-951A-4468-AB8E-91A00A42EE20}.Release|Any CPU.ActiveCfg = Release|Any CPU
		{4CFD324A-951A-4468-AB8E-91A00A42EE20}.Release|Any CPU.Build.0 = Release|Any CPU
		{5B703162-6988-4E3B-BF78-FBFCC2D38938}.Debug|Any CPU.ActiveCfg = Debug|Any CPU
		{5B703162-6988-4E3B-BF78-FBFCC2D38938}.Debug|Any CPU.Build.0 = Debug|Any CPU
		{5B703162-6988-4E3B-BF78-FBFCC2D38938}.Release|Any CPU.ActiveCfg = Release|Any CPU
		{5B703162-6988-4E3B-BF78-FBFCC2D38938}.Release|Any CPU.Build.0 = Release|Any CPU
	EndGlobalSection
	GlobalSection(SolutionProperties) = preSolution
		HideSolutionNode = FALSE
	EndGlobalSection
	GlobalSection(NestedProjects) = preSolution
		{6EE24FD2-6FC6-4D3C-94B9-5D3BFB18168A} = {339DAD54-B155-46BC-BF19-FE5A9EDF5795}
		{97AE1548-D4B3-4B2D-9186-A5A588D2C322} = {5061AAB9-F206-41FC-9D3F-66F50BF80538}
		{5E55FDB5-57FD-432D-8DBF-63646FF5D7D7} = {5061AAB9-F206-41FC-9D3F-66F50BF80538}
		{278EA6A0-4194-4A8A-BB02-37425F87A2FB} = {5061AAB9-F206-41FC-9D3F-66F50BF80538}
		{704FB453-48E7-4E45-86C1-6256A3E31857} = {5061AAB9-F206-41FC-9D3F-66F50BF80538}
		{0A76943C-3F35-4244-92F9-2C3266CF6A9C} = {704FB453-48E7-4E45-86C1-6256A3E31857}
		{18B6455E-4E1D-4C25-872B-FAA24B5B1950} = {278EA6A0-4194-4A8A-BB02-37425F87A2FB}
		{DDCE597E-748C-4ACF-AA2E-DD6FA64FC469} = {5061AAB9-F206-41FC-9D3F-66F50BF80538}
		{999E86E8-ED0A-4170-9DDA-C2422D15DCD3} = {5E55FDB5-57FD-432D-8DBF-63646FF5D7D7}
		{4CFD324A-951A-4468-AB8E-91A00A42EE20} = {97AE1548-D4B3-4B2D-9186-A5A588D2C322}
		{5B703162-6988-4E3B-BF78-FBFCC2D38938} = {DDCE597E-748C-4ACF-AA2E-DD6FA64FC469}
	EndGlobalSection
	GlobalSection(ExtensibilityGlobals) = postSolution
		SolutionGuid = {9C22664A-A5E5-4E11-9666-7C3963B0995B}
	EndGlobalSection
EndGlobal
